
Microsoft Visual Studio Solution File, Format Version 10.00
# Visual Studio 2008
Project("{8BC9CEB8-8B4A-11D0-8D11-00A0C91BC942}") = "SubTutor", "SubTutor\SubTutor.vcproj", "{76696430-C649-4E1F-93C8-23403ED472FE}"
EndProject
Global
	GlobalSection(SolutionConfigurationPlatforms) = preSolution
		Debug|Win32 = Debug|Win32
		Release|Win32 = Release|Win32
	EndGlobalSection
	GlobalSection(ProjectConfigurationPlatforms) = postSolution
		{76696430-C649-4E1F-93C8-23403ED472FE}.Debug|Win32.ActiveCfg = Debug|Win32
		{76696430-C649-4E1F-93C8-23403ED472FE}.Debug|Win32.Build.0 = Debug|Win32
		{76696430-C649-4E1F-93C8-23403ED472FE}.Release|Win32.ActiveCfg = Release|Win32
		{76696430-C649-4E1F-93C8-23403ED472FE}.Release|Win32.Build.0 = Release|Win32
	EndGlobalSection
	GlobalSection(SolutionProperties) = preSolution
		HideSolutionNode = FALSE
	EndGlobalSection
EndGlobal
