
Microsoft Visual Studio Solution File, Format Version 10.00
# Visual Studio 2008
Project("{8BC9CEB8-8B4A-11D0-8D11-00A0C91BC942}") = "Bradshaw_Tuition4Years", "Bradshaw_Tuition4Years\Bradshaw_Tuition4Years.vcproj", "{92A2A7CC-B2E9-4BAC-80FF-58866688BB3F}"
EndProject
Global
	GlobalSection(SolutionConfigurationPlatforms) = preSolution
		Debug|Win32 = Debug|Win32
		Release|Win32 = Release|Win32
	EndGlobalSection
	GlobalSection(ProjectConfigurationPlatforms) = postSolution
		{92A2A7CC-B2E9-4BAC-80FF-58866688BB3F}.Debug|Win32.ActiveCfg = Debug|Win32
		{92A2A7CC-B2E9-4BAC-80FF-58866688BB3F}.Debug|Win32.Build.0 = Debug|Win32
		{92A2A7CC-B2E9-4BAC-80FF-58866688BB3F}.Release|Win32.ActiveCfg = Release|Win32
		{92A2A7CC-B2E9-4BAC-80FF-58866688BB3F}.Release|Win32.Build.0 = Release|Win32
	EndGlobalSection
	GlobalSection(SolutionProperties) = preSolution
		HideSolutionNode = FALSE
	EndGlobalSection
EndGlobal
