
Microsoft Visual Studio Solution File, Format Version 10.00
# Visual Studio 2008
Project("{8BC9CEB8-8B4A-11D0-8D11-00A0C91BC942}") = "ComputeChange_Feb13", "ComputeChange_Feb13\ComputeChange_Feb13.vcproj", "{B5F76E02-7500-4733-AA4B-6B803E0ABE6C}"
EndProject
Global
	GlobalSection(SolutionConfigurationPlatforms) = preSolution
		Debug|Win32 = Debug|Win32
		Release|Win32 = Release|Win32
	EndGlobalSection
	GlobalSection(ProjectConfigurationPlatforms) = postSolution
		{B5F76E02-7500-4733-AA4B-6B803E0ABE6C}.Debug|Win32.ActiveCfg = Debug|Win32
		{B5F76E02-7500-4733-AA4B-6B803E0ABE6C}.Debug|Win32.Build.0 = Debug|Win32
		{B5F76E02-7500-4733-AA4B-6B803E0ABE6C}.Release|Win32.ActiveCfg = Release|Win32
		{B5F76E02-7500-4733-AA4B-6B803E0ABE6C}.Release|Win32.Build.0 = Release|Win32
	EndGlobalSection
	GlobalSection(SolutionProperties) = preSolution
		HideSolutionNode = FALSE
	EndGlobalSection
EndGlobal
